
Microsoft Visual Studio Solution File, Format Version 12.00
# Visual Studio 14
VisualStudioVersion = 14.0.23107.0
MinimumVisualStudioVersion = 10.0.40219.1
Project("{FAE04EC0-301F-11D3-BF4B-00C04F79EFBC}") = "ChessApi", "ChessApi\ChessApi.csproj", "{BA841482-B9E7-4CE9-868B-71CAB3A27ACF}"
EndProject
Project("{FAE04EC0-301F-11D3-BF4B-00C04F79EFBC}") = "ChessApi.Tests", "ChessApi.Tests\ChessApi.Tests.csproj", "{E7283B58-63F8-464D-A0FE-58E4D9BF6B26}"
EndProject
Global
	GlobalSection(Performance) = preSolution
		HasPerformanceSessions = true
	EndGlobalSection
	GlobalSection(SolutionConfigurationPlatforms) = preSolution
		Debug|Any CPU = Debug|Any CPU
		Release|Any CPU = Release|Any CPU
	EndGlobalSection
	GlobalSection(ProjectConfigurationPlatforms) = postSolution
		{BA841482-B9E7-4CE9-868B-71CAB3A27ACF}.Debug|Any CPU.ActiveCfg = Debug|Any CPU
		{BA841482-B9E7-4CE9-868B-71CAB3A27ACF}.Debug|Any CPU.Build.0 = Debug|Any CPU
		{BA841482-B9E7-4CE9-868B-71CAB3A27ACF}.Release|Any CPU.ActiveCfg = Release|Any CPU
		{BA841482-B9E7-4CE9-868B-71CAB3A27ACF}.Release|Any CPU.Build.0 = Release|Any CPU
		{E7283B58-63F8-464D-A0FE-58E4D9BF6B26}.Debug|Any CPU.ActiveCfg = Debug|Any CPU
		{E7283B58-63F8-464D-A0FE-58E4D9BF6B26}.Debug|Any CPU.Build.0 = Debug|Any CPU
		{E7283B58-63F8-464D-A0FE-58E4D9BF6B26}.Release|Any CPU.ActiveCfg = Release|Any CPU
		{E7283B58-63F8-464D-A0FE-58E4D9BF6B26}.Release|Any CPU.Build.0 = Release|Any CPU
	EndGlobalSection
	GlobalSection(SolutionProperties) = preSolution
		HideSolutionNode = FALSE
	EndGlobalSection
EndGlobal
